# Generated by `defair rules lock --refresh` — do not edit by hand.
# Pins every rule source to exact bytes; see sources.yaml.
version: 1
generated_at: '2026-09-25T08:45:27.114510+00:00'
sources:
- id: yaraforge_core
  engine: yara
  repo: YARAHQ/yara-forge
  kind: release
  asset: yara-forge-rules-core.zip
  branch: null
  path_filter: ''
  extensions:
  - .yar
  exclude: []
  profiles:
  - precise
  license: GPL-3.0
  ref: '20260920'
  url: https://github.com/YARAHQ/yara-forge/releases/download/20260920/yara-forge-rules-core.zip
  archive_sha256: 22bdfe60b6a966e2598ce9d66339964b80072106a8d2fc9c79c4f281c81fc51c
  files: 1
- id: yaraforge_full
  engine: yara
  repo: YARAHQ/yara-forge
  kind: release
  asset: yara-forge-rules-full.zip
  branch: null
  path_filter: ''
  extensions:
  - .yar
  exclude: []
  profiles:
  - broad
  license: GPL-3.0
  ref: '20260920'
  url: https://github.com/YARAHQ/yara-forge/releases/download/20260920/yara-forge-rules-full.zip
  archive_sha256: 24673112528aa93e13d5375312732cc2113bf4efdb8cd85f33aaeaebada35951
  files: 1
- id: elastic
  engine: yara
  repo: elastic/protections-artifacts
  kind: branch
  asset: null
  branch: main
  path_filter: yara/rules/
  extensions:
  - .yar
  - .yara
  exclude: []
  profiles:
  - broad
  license: Elastic-2.0
  ref: ce99f77ba7cc2e442589d49e01b9db262d31ae91
  url: https://github.com/elastic/protections-artifacts/archive/ce99f77ba7cc2e442589d49e01b9db262d31ae91.zip
  archive_sha256: 55d6c83b0f5cccbf74013c4f35e49a6610d15488010a8a0549f44ded7722cef1
  files: 1042
- id: eset
  engine: yara
  repo: eset/malware-ioc
  kind: branch
  asset: null
  branch: master
  path_filter: ''
  extensions:
  - .yar
  - .yara
  exclude: []
  profiles:
  - broad
  license: BSD-2-Clause
  ref: 17baf44964a77368e9149f4f593eb098beddf1c5
  url: https://github.com/eset/malware-ioc/archive/17baf44964a77368e9149f4f593eb098beddf1c5.zip
  archive_sha256: bae22b911b471b3f0304e8850de31a8b8556d84586eb792cab4bc8a9d8259546
  files: 24
- id: reversinglabs
  engine: yara
  repo: reversinglabs/reversinglabs-yara-rules
  kind: branch
  asset: null
  branch: develop
  path_filter: yara/
  extensions:
  - .yar
  - .yara
  exclude: []
  profiles:
  - broad
  license: MIT
  ref: e0a0be54aa1e11ccfd6854e4f19e9476f328fd84
  url: https://github.com/reversinglabs/reversinglabs-yara-rules/archive/e0a0be54aa1e11ccfd6854e4f19e9476f328fd84.zip
  archive_sha256: 8572f9efc8f5b196e8343a9bb74a5da2c403665670a891f1b0ac7d3fa54eefd0
  files: 310
- id: malpedia
  engine: yara
  repo: malpedia/signator-rules
  kind: branch
  asset: null
  branch: main
  path_filter: rules/
  extensions:
  - .yar
  - .yara
  exclude: []
  profiles:
  - broad
  license: CC-BY-SA-4.0
  ref: c901f97b7df03e41917da74c2a84b04c227316c2
  url: https://github.com/malpedia/signator-rules/archive/c901f97b7df03e41917da74c2a84b04c227316c2.zip
  archive_sha256: 3f0cc3de7f39377dd331b1a34c5eee674d576c88affeb8f7b5da6bace6be9f28
  files: 1646
- id: neo23x0
  engine: yara
  repo: Neo23x0/signature-base
  kind: branch
  asset: null
  branch: master
  path_filter: yara/
  extensions:
  - .yar
  - .yara
  exclude: []
  profiles:
  - broad
  license: DRL-1.1
  ref: 94a1c48d7ab499879287ff611dfe7f9c56376030
  url: https://github.com/Neo23x0/signature-base/archive/94a1c48d7ab499879287ff611dfe7f9c56376030.zip
  archive_sha256: f0e2a06727cf285aec75930826a470feeaac8e3a8d34882d4ccd7a8a8f0a7bd1
  files: 751
- id: atr
  engine: yara
  repo: advanced-threat-research/Yara-Rules
  kind: branch
  asset: null
  branch: master
  path_filter: ''
  extensions:
  - .yar
  - .yara
  exclude: []
  profiles:
  - broad
  license: Apache-2.0
  ref: 1919562a59f190bda60c982424f6a24c542ee3e0
  url: https://github.com/advanced-threat-research/Yara-Rules/archive/1919562a59f190bda60c982424f6a24c542ee3e0.zip
  archive_sha256: e19c572d3cdf6ddf9c5be5a9bafaf198154594bc0d842ea6eeb3c6f65fc56d50
  files: 125
- id: sigmahq_core
  engine: sigma
  repo: SigmaHQ/sigma
  kind: release
  asset: sigma_core.zip
  branch: null
  path_filter: ''
  extensions:
  - .yml
  - .yaml
  exclude: []
  profiles:
  - precise
  license: DRL-1.1
  ref: r2026-07-01
  url: https://github.com/SigmaHQ/sigma/releases/download/r2026-07-01/sigma_core.zip
  archive_sha256: 45ccbd62cbf0d7ccca6f44eaa010f86bb24f082b5411c5e22c71907e7770ee46
  files: 1377
- id: sigmahq_all
  engine: sigma
  repo: SigmaHQ/sigma
  kind: release
  asset: sigma_all_rules.zip
  branch: null
  path_filter: ''
  extensions:
  - .yml
  - .yaml
  exclude: []
  profiles:
  - broad
  license: DRL-1.1
  ref: r2026-07-01
  url: https://github.com/SigmaHQ/sigma/releases/download/r2026-07-01/sigma_all_rules.zip
  archive_sha256: 5725c91b5813587ad6a4b0b8e0233fa44348b1595f818d8b7fd39d6033385085
  files: 3302
- id: sigmahq_emerging
  engine: sigma
  repo: SigmaHQ/sigma
  kind: release
  asset: sigma_emerging_threats_addon.zip
  branch: null
  path_filter: ''
  extensions:
  - .yml
  - .yaml
  exclude: []
  profiles:
  - precise
  license: DRL-1.1
  ref: r2026-07-01
  url: https://github.com/SigmaHQ/sigma/releases/download/r2026-07-01/sigma_emerging_threats_addon.zip
  archive_sha256: 3f38ea7c174c7ceffbbf48548d00fbf413bf1dda45b3896cfcd60b5ce4b38f0a
  files: 460
- id: mdecrevoisier
  engine: sigma
  repo: mdecrevoisier/SIGMA-detection-rules
  kind: branch
  asset: null
  branch: main
  path_filter: ''
  extensions:
  - .yml
  - .yaml
  exclude:
  - .github/
  profiles:
  - broad
  license: CC0-1.0
  ref: d61408af8769c74c96296b7ccc92d4bc3abb15af
  url: https://github.com/mdecrevoisier/SIGMA-detection-rules/archive/d61408af8769c74c96296b7ccc92d4bc3abb15af.zip
  archive_sha256: 9c881f030dbb458d011cf65fd195d323dc535a6f41d1a2b4194cb62e82701d63
  files: 353
- id: lolrmm
  engine: sigma
  repo: magicsword-io/LOLRMM
  kind: branch
  asset: null
  branch: main
  path_filter: detections/sigma/
  extensions:
  - .yml
  - .yaml
  exclude: []
  profiles:
  - broad
  license: Apache-2.0
  ref: f2a976c31c3cfddb5404d4a157eaa620624110e6
  url: https://github.com/magicsword-io/LOLRMM/archive/f2a976c31c3cfddb5404d4a157eaa620624110e6.zip
  archive_sha256: 797eac5dcdbd6e82fb61fd11a28ae879d804cbcb2ef89e9b9df9b51a30f81b79
  files: 695
